
Microsoft Visual Studio Solution File, Format Version 12.00
# Visual Studio Version 16
VisualStudioVersion = 16.0.29326.143
MinimumVisualStudioVersion = 10.0.40219.1
Project("{9A19103F-16F7-4668-BE54-9A1E7A4F7556}") = "Puzzles", "Day1\Puzzles.csproj", "{006EBD8E-0F17-4FED-BB6C-0CC7DA0A8A20}"
EndProject
Project("{9A19103F-16F7-4668-BE54-9A1E7A4F7556}") = "Shared", "Shared\Shared.csproj", "{FEF15EC4-8DD8-419A-920A-CC1FC9C42231}"
EndProject
Project("{FAE04EC0-301F-11D3-BF4B-00C04F79EFBC}") = "Tests", "Tests\Tests.csproj", "{B3537DF8-24A9-4678-8FC8-203BAF479FE0}"
EndProject
Global
	GlobalSection(SolutionConfigurationPlatforms) = preSolution
		Debug|Any CPU = Debug|Any CPU
		Release|Any CPU = Release|Any CPU
	EndGlobalSection
	GlobalSection(ProjectConfigurationPlatforms) = postSolution
		{006EBD8E-0F17-4FED-BB6C-0CC7DA0A8A20}.Debug|Any CPU.ActiveCfg = Debug|Any CPU
		{006EBD8E-0F17-4FED-BB6C-0CC7DA0A8A20}.Debug|Any CPU.Build.0 = Debug|Any CPU
		{006EBD8E-0F17-4FED-BB6C-0CC7DA0A8A20}.Release|Any CPU.ActiveCfg = Release|Any CPU
		{006EBD8E-0F17-4FED-BB6C-0CC7DA0A8A20}.Release|Any CPU.Build.0 = Release|Any CPU
		{FEF15EC4-8DD8-419A-920A-CC1FC9C42231}.Debug|Any CPU.ActiveCfg = Debug|Any CPU
		{FEF15EC4-8DD8-419A-920A-CC1FC9C42231}.Debug|Any CPU.Build.0 = Debug|Any CPU
		{FEF15EC4-8DD8-419A-920A-CC1FC9C42231}.Release|Any CPU.ActiveCfg = Release|Any CPU
		{FEF15EC4-8DD8-419A-920A-CC1FC9C42231}.Release|Any CPU.Build.0 = Release|Any CPU
		{B3537DF8-24A9-4678-8FC8-203BAF479FE0}.Debug|Any CPU.ActiveCfg = Debug|Any CPU
		{B3537DF8-24A9-4678-8FC8-203BAF479FE0}.Debug|Any CPU.Build.0 = Debug|Any CPU
		{B3537DF8-24A9-4678-8FC8-203BAF479FE0}.Release|Any CPU.ActiveCfg = Release|Any CPU
		{B3537DF8-24A9-4678-8FC8-203BAF479FE0}.Release|Any CPU.Build.0 = Release|Any CPU
	EndGlobalSection
	GlobalSection(SolutionProperties) = preSolution
		HideSolutionNode = FALSE
	EndGlobalSection
	GlobalSection(ExtensibilityGlobals) = postSolution
		SolutionGuid = {B2159CDB-1F6C-48E6-916B-24C5F055B74E}
	EndGlobalSection
EndGlobal
